
Microsoft Visual Studio Solution File, Format Version 12.00
# Visual Studio Version 16
VisualStudioVersion = 16.0.31005.135
MinimumVisualStudioVersion = 10.0.40219.1
Project("{FAE04EC0-301F-11D3-BF4B-00C04F79EFBC}") = "ZONe2021", "ZONe2021.csproj", "{5C4BE413-13EC-48DF-B698-7B4BDCBABEF3}"
EndProject
Global
	GlobalSection(SolutionConfigurationPlatforms) = preSolution
		Debug|Any CPU = Debug|Any CPU
		Release|Any CPU = Release|Any CPU
	EndGlobalSection
	GlobalSection(ProjectConfigurationPlatforms) = postSolution
		{5C4BE413-13EC-48DF-B698-7B4BDCBABEF3}.Debug|Any CPU.ActiveCfg = Debug|Any CPU
		{5C4BE413-13EC-48DF-B698-7B4BDCBABEF3}.Debug|Any CPU.Build.0 = Debug|Any CPU
		{5C4BE413-13EC-48DF-B698-7B4BDCBABEF3}.Release|Any CPU.ActiveCfg = Release|Any CPU
		{5C4BE413-13EC-48DF-B698-7B4BDCBABEF3}.Release|Any CPU.Build.0 = Release|Any CPU
	EndGlobalSection
	GlobalSection(SolutionProperties) = preSolution
		HideSolutionNode = FALSE
	EndGlobalSection
	GlobalSection(ExtensibilityGlobals) = postSolution
		SolutionGuid = {6EF5A704-819B-428E-94F2-0DF4F39E001A}
	EndGlobalSection
EndGlobal
