
Microsoft Visual Studio Solution File, Format Version 12.00
# Visual Studio Version 16
VisualStudioVersion = 16.0.29123.88
MinimumVisualStudioVersion = 10.0.40219.1
Project("{9A19103F-16F7-4668-BE54-9A1E7A4F7556}") = "abc138", "abc138a\abc138.csproj", "{5BABBB46-1ABE-403E-8C8B-2C5F6B777C15}"
EndProject
Global
	GlobalSection(SolutionConfigurationPlatforms) = preSolution
		Debug|Any CPU = Debug|Any CPU
		Release|Any CPU = Release|Any CPU
	EndGlobalSection
	GlobalSection(ProjectConfigurationPlatforms) = postSolution
		{5BABBB46-1ABE-403E-8C8B-2C5F6B777C15}.Debug|Any CPU.ActiveCfg = Debug|Any CPU
		{5BABBB46-1ABE-403E-8C8B-2C5F6B777C15}.Debug|Any CPU.Build.0 = Debug|Any CPU
		{5BABBB46-1ABE-403E-8C8B-2C5F6B777C15}.Release|Any CPU.ActiveCfg = Release|Any CPU
		{5BABBB46-1ABE-403E-8C8B-2C5F6B777C15}.Release|Any CPU.Build.0 = Release|Any CPU
	EndGlobalSection
	GlobalSection(SolutionProperties) = preSolution
		HideSolutionNode = FALSE
	EndGlobalSection
	GlobalSection(ExtensibilityGlobals) = postSolution
		SolutionGuid = {132A10EA-74DD-49DD-9035-7AE5C66EAEF4}
	EndGlobalSection
EndGlobal
