
Microsoft Visual Studio Solution File, Format Version 12.00
# Visual Studio Version 16
VisualStudioVersion = 16.0.30611.23
MinimumVisualStudioVersion = 10.0.40219.1
Project("{FAE04EC0-301F-11D3-BF4B-00C04F79EFBC}") = "ARC107", "ARC107.csproj", "{E126958A-8DCD-4A08-AC82-7ABAE4BB5246}"
EndProject
Global
	GlobalSection(SolutionConfigurationPlatforms) = preSolution
		Debug|Any CPU = Debug|Any CPU
		Release|Any CPU = Release|Any CPU
	EndGlobalSection
	GlobalSection(ProjectConfigurationPlatforms) = postSolution
		{E126958A-8DCD-4A08-AC82-7ABAE4BB5246}.Debug|Any CPU.ActiveCfg = Debug|Any CPU
		{E126958A-8DCD-4A08-AC82-7ABAE4BB5246}.Debug|Any CPU.Build.0 = Debug|Any CPU
		{E126958A-8DCD-4A08-AC82-7ABAE4BB5246}.Release|Any CPU.ActiveCfg = Release|Any CPU
		{E126958A-8DCD-4A08-AC82-7ABAE4BB5246}.Release|Any CPU.Build.0 = Release|Any CPU
	EndGlobalSection
	GlobalSection(SolutionProperties) = preSolution
		HideSolutionNode = FALSE
	EndGlobalSection
	GlobalSection(ExtensibilityGlobals) = postSolution
		SolutionGuid = {BB15021C-8666-4C39-9F50-A06763EB3B61}
	EndGlobalSection
EndGlobal
