
Microsoft Visual Studio Solution File, Format Version 12.00
# Visual Studio Version 16
VisualStudioVersion = 16.0.29806.167
MinimumVisualStudioVersion = 10.0.40219.1
Project("{FAE04EC0-301F-11D3-BF4B-00C04F79EFBC}") = "ABC165", "ABC165.csproj", "{A677CE74-619B-46BF-86B9-10F7163E4BFA}"
EndProject
Global
	GlobalSection(SolutionConfigurationPlatforms) = preSolution
		Debug|Any CPU = Debug|Any CPU
		Release|Any CPU = Release|Any CPU
	EndGlobalSection
	GlobalSection(ProjectConfigurationPlatforms) = postSolution
		{A677CE74-619B-46BF-86B9-10F7163E4BFA}.Debug|Any CPU.ActiveCfg = Debug|Any CPU
		{A677CE74-619B-46BF-86B9-10F7163E4BFA}.Debug|Any CPU.Build.0 = Debug|Any CPU
		{A677CE74-619B-46BF-86B9-10F7163E4BFA}.Release|Any CPU.ActiveCfg = Release|Any CPU
		{A677CE74-619B-46BF-86B9-10F7163E4BFA}.Release|Any CPU.Build.0 = Release|Any CPU
	EndGlobalSection
	GlobalSection(SolutionProperties) = preSolution
		HideSolutionNode = FALSE
	EndGlobalSection
	GlobalSection(ExtensibilityGlobals) = postSolution
		SolutionGuid = {7752295B-E01A-49BB-B761-49EDBE89A5CB}
	EndGlobalSection
EndGlobal
