
Microsoft Visual Studio Solution File, Format Version 12.00
# Visual Studio Version 16
VisualStudioVersion = 16.0.30611.23
MinimumVisualStudioVersion = 10.0.40219.1
Project("{FAE04EC0-301F-11D3-BF4B-00C04F79EFBC}") = "ABC184", "ABC184.csproj", "{2F6048D9-9903-4428-B8FE-176F599DA56D}"
EndProject
Global
	GlobalSection(SolutionConfigurationPlatforms) = preSolution
		Debug|Any CPU = Debug|Any CPU
		Release|Any CPU = Release|Any CPU
	EndGlobalSection
	GlobalSection(ProjectConfigurationPlatforms) = postSolution
		{2F6048D9-9903-4428-B8FE-176F599DA56D}.Debug|Any CPU.ActiveCfg = Debug|Any CPU
		{2F6048D9-9903-4428-B8FE-176F599DA56D}.Debug|Any CPU.Build.0 = Debug|Any CPU
		{2F6048D9-9903-4428-B8FE-176F599DA56D}.Release|Any CPU.ActiveCfg = Release|Any CPU
		{2F6048D9-9903-4428-B8FE-176F599DA56D}.Release|Any CPU.Build.0 = Release|Any CPU
	EndGlobalSection
	GlobalSection(SolutionProperties) = preSolution
		HideSolutionNode = FALSE
	EndGlobalSection
	GlobalSection(ExtensibilityGlobals) = postSolution
		SolutionGuid = {2493B945-DE61-489E-9BC6-A7A262680027}
	EndGlobalSection
EndGlobal
