
Microsoft Visual Studio Solution File, Format Version 12.00
# Visual Studio Version 16
VisualStudioVersion = 16.0.31005.135
MinimumVisualStudioVersion = 10.0.40219.1
Project("{FAE04EC0-301F-11D3-BF4B-00C04F79EFBC}") = "ABC198", "ABC198.csproj", "{7C85DEE7-D431-4EFE-9783-27FB4B5B5939}"
EndProject
Global
	GlobalSection(SolutionConfigurationPlatforms) = preSolution
		Debug|Any CPU = Debug|Any CPU
		Release|Any CPU = Release|Any CPU
	EndGlobalSection
	GlobalSection(ProjectConfigurationPlatforms) = postSolution
		{7C85DEE7-D431-4EFE-9783-27FB4B5B5939}.Debug|Any CPU.ActiveCfg = Debug|Any CPU
		{7C85DEE7-D431-4EFE-9783-27FB4B5B5939}.Debug|Any CPU.Build.0 = Debug|Any CPU
		{7C85DEE7-D431-4EFE-9783-27FB4B5B5939}.Release|Any CPU.ActiveCfg = Release|Any CPU
		{7C85DEE7-D431-4EFE-9783-27FB4B5B5939}.Release|Any CPU.Build.0 = Release|Any CPU
	EndGlobalSection
	GlobalSection(SolutionProperties) = preSolution
		HideSolutionNode = FALSE
	EndGlobalSection
	GlobalSection(ExtensibilityGlobals) = postSolution
		SolutionGuid = {17B36074-6AAF-433D-ABD0-D1B64C2D1A91}
	EndGlobalSection
EndGlobal
