
Microsoft Visual Studio Solution File, Format Version 12.00
# Visual Studio Version 16
VisualStudioVersion = 16.0.30611.23
MinimumVisualStudioVersion = 10.0.40219.1
Project("{FAE04EC0-301F-11D3-BF4B-00C04F79EFBC}") = "ABC191", "ABC191.csproj", "{3805404A-5C52-4919-9C92-2BFF810049E8}"
EndProject
Global
	GlobalSection(SolutionConfigurationPlatforms) = preSolution
		Debug|Any CPU = Debug|Any CPU
		Release|Any CPU = Release|Any CPU
	EndGlobalSection
	GlobalSection(ProjectConfigurationPlatforms) = postSolution
		{3805404A-5C52-4919-9C92-2BFF810049E8}.Debug|Any CPU.ActiveCfg = Debug|Any CPU
		{3805404A-5C52-4919-9C92-2BFF810049E8}.Debug|Any CPU.Build.0 = Debug|Any CPU
		{3805404A-5C52-4919-9C92-2BFF810049E8}.Release|Any CPU.ActiveCfg = Release|Any CPU
		{3805404A-5C52-4919-9C92-2BFF810049E8}.Release|Any CPU.Build.0 = Release|Any CPU
	EndGlobalSection
	GlobalSection(SolutionProperties) = preSolution
		HideSolutionNode = FALSE
	EndGlobalSection
	GlobalSection(ExtensibilityGlobals) = postSolution
		SolutionGuid = {C53F54D3-D740-47A6-B55F-748D65841E51}
	EndGlobalSection
EndGlobal
