
Microsoft Visual Studio Solution File, Format Version 12.00
# Visual Studio Version 16
VisualStudioVersion = 16.0.29209.62
MinimumVisualStudioVersion = 10.0.40219.1
Project("{FAE04EC0-301F-11D3-BF4B-00C04F79EFBC}") = "400pt", "400pt.csproj", "{2F46FC17-A092-4968-98D4-A5D2B215C1CA}"
EndProject
Global
	GlobalSection(SolutionConfigurationPlatforms) = preSolution
		Debug|Any CPU = Debug|Any CPU
		Release|Any CPU = Release|Any CPU
	EndGlobalSection
	GlobalSection(ProjectConfigurationPlatforms) = postSolution
		{2F46FC17-A092-4968-98D4-A5D2B215C1CA}.Debug|Any CPU.ActiveCfg = Debug|Any CPU
		{2F46FC17-A092-4968-98D4-A5D2B215C1CA}.Debug|Any CPU.Build.0 = Debug|Any CPU
		{2F46FC17-A092-4968-98D4-A5D2B215C1CA}.Release|Any CPU.ActiveCfg = Release|Any CPU
		{2F46FC17-A092-4968-98D4-A5D2B215C1CA}.Release|Any CPU.Build.0 = Release|Any CPU
	EndGlobalSection
	GlobalSection(SolutionProperties) = preSolution
		HideSolutionNode = FALSE
	EndGlobalSection
	GlobalSection(ExtensibilityGlobals) = postSolution
		SolutionGuid = {EF4A4E50-4FFD-415F-8111-656AD8DAAF04}
	EndGlobalSection
EndGlobal
