
Microsoft Visual Studio Solution File, Format Version 12.00
# Visual Studio Version 16
VisualStudioVersion = 16.0.31005.135
MinimumVisualStudioVersion = 10.0.40219.1
Project("{FAE04EC0-301F-11D3-BF4B-00C04F79EFBC}") = "ABC193", "ABC193.csproj", "{45E77DAA-46FF-470E-B388-498963F7F1BC}"
EndProject
Global
	GlobalSection(SolutionConfigurationPlatforms) = preSolution
		Debug|Any CPU = Debug|Any CPU
		Release|Any CPU = Release|Any CPU
	EndGlobalSection
	GlobalSection(ProjectConfigurationPlatforms) = postSolution
		{45E77DAA-46FF-470E-B388-498963F7F1BC}.Debug|Any CPU.ActiveCfg = Debug|Any CPU
		{45E77DAA-46FF-470E-B388-498963F7F1BC}.Debug|Any CPU.Build.0 = Debug|Any CPU
		{45E77DAA-46FF-470E-B388-498963F7F1BC}.Release|Any CPU.ActiveCfg = Release|Any CPU
		{45E77DAA-46FF-470E-B388-498963F7F1BC}.Release|Any CPU.Build.0 = Release|Any CPU
	EndGlobalSection
	GlobalSection(SolutionProperties) = preSolution
		HideSolutionNode = FALSE
	EndGlobalSection
	GlobalSection(ExtensibilityGlobals) = postSolution
		SolutionGuid = {2A6F988C-158F-405E-A978-94992EB895F6}
	EndGlobalSection
EndGlobal
