
Microsoft Visual Studio Solution File, Format Version 12.00
# Visual Studio Version 16
VisualStudioVersion = 16.0.29209.62
MinimumVisualStudioVersion = 10.0.40219.1
Project("{FAE04EC0-301F-11D3-BF4B-00C04F79EFBC}") = "AGC039", "AGC039.csproj", "{FDF0362C-B980-40BC-A9B6-2723C02EA8F3}"
EndProject
Global
	GlobalSection(SolutionConfigurationPlatforms) = preSolution
		Debug|Any CPU = Debug|Any CPU
		Release|Any CPU = Release|Any CPU
	EndGlobalSection
	GlobalSection(ProjectConfigurationPlatforms) = postSolution
		{FDF0362C-B980-40BC-A9B6-2723C02EA8F3}.Debug|Any CPU.ActiveCfg = Debug|Any CPU
		{FDF0362C-B980-40BC-A9B6-2723C02EA8F3}.Debug|Any CPU.Build.0 = Debug|Any CPU
		{FDF0362C-B980-40BC-A9B6-2723C02EA8F3}.Release|Any CPU.ActiveCfg = Release|Any CPU
		{FDF0362C-B980-40BC-A9B6-2723C02EA8F3}.Release|Any CPU.Build.0 = Release|Any CPU
	EndGlobalSection
	GlobalSection(SolutionProperties) = preSolution
		HideSolutionNode = FALSE
	EndGlobalSection
	GlobalSection(ExtensibilityGlobals) = postSolution
		SolutionGuid = {C93F23DB-F840-4F66-9794-AB7D0CE5DAB0}
	EndGlobalSection
EndGlobal
