
Microsoft Visual Studio Solution File, Format Version 12.00
# Visual Studio Version 16
VisualStudioVersion = 16.0.31005.135
MinimumVisualStudioVersion = 10.0.40219.1
Project("{FAE04EC0-301F-11D3-BF4B-00C04F79EFBC}") = "ABC196", "ABC196.csproj", "{2B67D21E-2444-41E7-A78F-9CE711E061AB}"
EndProject
Global
	GlobalSection(SolutionConfigurationPlatforms) = preSolution
		Debug|Any CPU = Debug|Any CPU
		Release|Any CPU = Release|Any CPU
	EndGlobalSection
	GlobalSection(ProjectConfigurationPlatforms) = postSolution
		{2B67D21E-2444-41E7-A78F-9CE711E061AB}.Debug|Any CPU.ActiveCfg = Debug|Any CPU
		{2B67D21E-2444-41E7-A78F-9CE711E061AB}.Debug|Any CPU.Build.0 = Debug|Any CPU
		{2B67D21E-2444-41E7-A78F-9CE711E061AB}.Release|Any CPU.ActiveCfg = Release|Any CPU
		{2B67D21E-2444-41E7-A78F-9CE711E061AB}.Release|Any CPU.Build.0 = Release|Any CPU
	EndGlobalSection
	GlobalSection(SolutionProperties) = preSolution
		HideSolutionNode = FALSE
	EndGlobalSection
	GlobalSection(ExtensibilityGlobals) = postSolution
		SolutionGuid = {6C72B182-360F-4325-ABC0-A470AEB25A34}
	EndGlobalSection
EndGlobal
