
Microsoft Visual Studio Solution File, Format Version 12.00
# Visual Studio Version 16
VisualStudioVersion = 16.0.30611.23
MinimumVisualStudioVersion = 10.0.40219.1
Project("{FAE04EC0-301F-11D3-BF4B-00C04F79EFBC}") = "ABC174", "ABC174.csproj", "{4754FB65-1E7B-4BFE-AEF5-3275B9EBFC0A}"
EndProject
Global
	GlobalSection(SolutionConfigurationPlatforms) = preSolution
		Debug|Any CPU = Debug|Any CPU
		Release|Any CPU = Release|Any CPU
	EndGlobalSection
	GlobalSection(ProjectConfigurationPlatforms) = postSolution
		{4754FB65-1E7B-4BFE-AEF5-3275B9EBFC0A}.Debug|Any CPU.ActiveCfg = Debug|Any CPU
		{4754FB65-1E7B-4BFE-AEF5-3275B9EBFC0A}.Debug|Any CPU.Build.0 = Debug|Any CPU
		{4754FB65-1E7B-4BFE-AEF5-3275B9EBFC0A}.Release|Any CPU.ActiveCfg = Release|Any CPU
		{4754FB65-1E7B-4BFE-AEF5-3275B9EBFC0A}.Release|Any CPU.Build.0 = Release|Any CPU
	EndGlobalSection
	GlobalSection(SolutionProperties) = preSolution
		HideSolutionNode = FALSE
	EndGlobalSection
	GlobalSection(ExtensibilityGlobals) = postSolution
		SolutionGuid = {26ADB417-294A-44D9-94B2-9BF0371BDD57}
	EndGlobalSection
EndGlobal
