
Microsoft Visual Studio Solution File, Format Version 12.00
# Visual Studio Version 16
VisualStudioVersion = 16.0.29806.167
MinimumVisualStudioVersion = 10.0.40219.1
Project("{FAE04EC0-301F-11D3-BF4B-00C04F79EFBC}") = "Panasonic2020", "Panasonic2020.csproj", "{48F42189-C981-4128-8A4D-B08A99AC9AC5}"
EndProject
Global
	GlobalSection(SolutionConfigurationPlatforms) = preSolution
		Debug|Any CPU = Debug|Any CPU
		Release|Any CPU = Release|Any CPU
	EndGlobalSection
	GlobalSection(ProjectConfigurationPlatforms) = postSolution
		{48F42189-C981-4128-8A4D-B08A99AC9AC5}.Debug|Any CPU.ActiveCfg = Debug|Any CPU
		{48F42189-C981-4128-8A4D-B08A99AC9AC5}.Debug|Any CPU.Build.0 = Debug|Any CPU
		{48F42189-C981-4128-8A4D-B08A99AC9AC5}.Release|Any CPU.ActiveCfg = Release|Any CPU
		{48F42189-C981-4128-8A4D-B08A99AC9AC5}.Release|Any CPU.Build.0 = Release|Any CPU
	EndGlobalSection
	GlobalSection(SolutionProperties) = preSolution
		HideSolutionNode = FALSE
	EndGlobalSection
	GlobalSection(ExtensibilityGlobals) = postSolution
		SolutionGuid = {2C7CD1CF-1AA0-4B16-9390-D10B700AA1BA}
	EndGlobalSection
EndGlobal
