
Microsoft Visual Studio Solution File, Format Version 12.00
# Visual Studio Version 16
VisualStudioVersion = 16.0.30611.23
MinimumVisualStudioVersion = 10.0.40219.1
Project("{FAE04EC0-301F-11D3-BF4B-00C04F79EFBC}") = "ABC172", "ABC172.csproj", "{0B02DD9A-F1A4-4014-8474-21916D53DFE4}"
EndProject
Global
	GlobalSection(SolutionConfigurationPlatforms) = preSolution
		Debug|Any CPU = Debug|Any CPU
		Release|Any CPU = Release|Any CPU
	EndGlobalSection
	GlobalSection(ProjectConfigurationPlatforms) = postSolution
		{0B02DD9A-F1A4-4014-8474-21916D53DFE4}.Debug|Any CPU.ActiveCfg = Debug|Any CPU
		{0B02DD9A-F1A4-4014-8474-21916D53DFE4}.Debug|Any CPU.Build.0 = Debug|Any CPU
		{0B02DD9A-F1A4-4014-8474-21916D53DFE4}.Release|Any CPU.ActiveCfg = Release|Any CPU
		{0B02DD9A-F1A4-4014-8474-21916D53DFE4}.Release|Any CPU.Build.0 = Release|Any CPU
	EndGlobalSection
	GlobalSection(SolutionProperties) = preSolution
		HideSolutionNode = FALSE
	EndGlobalSection
	GlobalSection(ExtensibilityGlobals) = postSolution
		SolutionGuid = {C1A1E200-E546-463C-A964-0BA34EDF28E8}
	EndGlobalSection
EndGlobal
